
Microsoft Visual Studio Solution File, Format Version 12.00
# Visual Studio Version 16
VisualStudioVersion = 16.0.31613.86
MinimumVisualStudioVersion = 10.0.40219.1
Project("{FAE04EC0-301F-11D3-BF4B-00C04F79EFBC}") = "Service-Order-System", "Service-Order-System\Service-Order-System.csproj", "{056986AB-A6EB-4982-B851-60F578A94906}"
EndProject
Global
	GlobalSection(SolutionConfigurationPlatforms) = preSolution
		Debug|Any CPU = Debug|Any CPU
		Release|Any CPU = Release|Any CPU
	EndGlobalSection
	GlobalSection(ProjectConfigurationPlatforms) = postSolution
		{056986AB-A6EB-4982-B851-60F578A94906}.Debug|Any CPU.ActiveCfg = Debug|Any CPU
		{056986AB-A6EB-4982-B851-60F578A94906}.Debug|Any CPU.Build.0 = Debug|Any CPU
		{056986AB-A6EB-4982-B851-60F578A94906}.Release|Any CPU.ActiveCfg = Release|Any CPU
		{056986AB-A6EB-4982-B851-60F578A94906}.Release|Any CPU.Build.0 = Release|Any CPU
	EndGlobalSection
	GlobalSection(SolutionProperties) = preSolution
		HideSolutionNode = FALSE
	EndGlobalSection
	GlobalSection(ExtensibilityGlobals) = postSolution
		SolutionGuid = {EB80533A-B867-4194-A527-80F7646EB8EC}
	EndGlobalSection
EndGlobal
